
Microsoft Visual Studio Solution File, Format Version 12.00
# Visual Studio Version 17
VisualStudioVersion = 17.3.32819.101
MinimumVisualStudioVersion = 10.0.40219.1
Project("{9A19103F-16F7-4668-BE54-9A1E7A4F7556}") = "MVCPortfolio", "MVCPortfolio.csproj", "{1056B736-46B9-434B-9D28-137FAFDF9F1D}"
EndProject
Global
	GlobalSection(SolutionConfigurationPlatforms) = preSolution
		Debug|Any CPU = Debug|Any CPU
		Release|Any CPU = Release|Any CPU
	EndGlobalSection
	GlobalSection(ProjectConfigurationPlatforms) = postSolution
		{1056B736-46B9-434B-9D28-137FAFDF9F1D}.Debug|Any CPU.ActiveCfg = Debug|Any CPU
		{1056B736-46B9-434B-9D28-137FAFDF9F1D}.Debug|Any CPU.Build.0 = Debug|Any CPU
		{1056B736-46B9-434B-9D28-137FAFDF9F1D}.Release|Any CPU.ActiveCfg = Release|Any CPU
		{1056B736-46B9-434B-9D28-137FAFDF9F1D}.Release|Any CPU.Build.0 = Release|Any CPU
	EndGlobalSection
	GlobalSection(SolutionProperties) = preSolution
		HideSolutionNode = FALSE
	EndGlobalSection
	GlobalSection(ExtensibilityGlobals) = postSolution
		SolutionGuid = {4E53D0D7-840F-43C5-A8FA-D2EE1C55C1A1}
	EndGlobalSection
EndGlobal
